
Microsoft Visual Studio Solution File, Format Version 12.00
# Visual Studio Version 17
VisualStudioVersion = 17.6.33815.320
MinimumVisualStudioVersion = 10.0.40219.1
Project("{FAE04EC0-301F-11D3-BF4B-00C04F79EFBC}") = "FizzleClicker", "FizzleClicker\FizzleClicker.csproj", "{B99F244B-DD79-4227-96E0-D6E8499B2FAA}"
EndProject
Global
	GlobalSection(SolutionConfigurationPlatforms) = preSolution
		Debug|Any CPU = Debug|Any CPU
		Release|Any CPU = Release|Any CPU
	EndGlobalSection
	GlobalSection(ProjectConfigurationPlatforms) = postSolution
		{B99F244B-DD79-4227-96E0-D6E8499B2FAA}.Debug|Any CPU.ActiveCfg = Debug|Any CPU
		{B99F244B-DD79-4227-96E0-D6E8499B2FAA}.Debug|Any CPU.Build.0 = Debug|Any CPU
		{B99F244B-DD79-4227-96E0-D6E8499B2FAA}.Release|Any CPU.ActiveCfg = Release|Any CPU
		{B99F244B-DD79-4227-96E0-D6E8499B2FAA}.Release|Any CPU.Build.0 = Release|Any CPU
	EndGlobalSection
	GlobalSection(SolutionProperties) = preSolution
		HideSolutionNode = FALSE
	EndGlobalSection
	GlobalSection(ExtensibilityGlobals) = postSolution
		SolutionGuid = {73904008-111B-42EF-BDCC-FC1C20DC933F}
	EndGlobalSection
EndGlobal
